github.com/aws/aws-sdk-go-v2 v1.38.0 h1:UCRQ5mlqcFk9HJDIqENSLR3wiG1VTWlyUfLDEvY7RxU=
github.com/aws/aws-sdk-go-v2 v1.38.0/go.mod h1:9Q0OoGQoboYIAJyslFyF1f5K1Ryddop8gqMhWx/n4Wg=
github.com/aws/aws-sdk-go-v2/aws/protocol/eventstream v1.6.8 h1:zAxi9p3wsZMIaVCdoiQp2uZ9k1LsZvmAnoTBeZPXom0=
github.com/aws/aws-sdk-go-v2/aws/protocol/eventstream v1.6.8/go.mod h1:3XkePX5dSaxveLAYY7nsbsZZrKxCyEuE5pM4ziFxyGg=
github.com/aws/aws-sdk-go-v2/config v1.27.36 h1:4IlvHh6Olc7+61O1ktesh0jOcqmq/4WG6C2Aj5SKXy0=
github.com/aws/aws-sdk-go-v2/config v1.27.36/go.mod h1:IiBpC0HPAGq9Le0Xxb1wpAKzEfAQ3XlYgJLYKEVYcfw=
github.com/aws/aws-sdk-go-v2/credentials v1.17.34 h1:gmkk1l/cDGSowPRzkdxYi8edw+gN4HmVK151D/pqGNc=
github.com/aws/aws-sdk-go-v2/credentials v1.17.34/go.mod h1:4R9OEV3tgFMsok4ZeFpExn7zQaZRa9MRGFYnI/xC/vs=
github.com/aws/aws-sdk-go-v2/feature/ec2/imds v1.16.14 h1:C/d03NAmh8C4BZXhuRNboF/DqhBkBCeDiJDcaqIT5pA=
github.com/aws/aws-sdk-go-v2/feature/ec2/imds v1.16.14/go.mod h1:7I0Ju7p9mCIdlrfS+JCgqcYD0VXz/N4yozsox+0o078=
github.com/aws/aws-sdk-go-v2/internal/configsources v1.3.29 h1:Ej0Rf3GMv50Qh4G4852j2djtoDb7AzQ7MuQeFHa3D70=
github.com/aws/aws-sdk-go-v2/internal/configsources v1.3.29/go.mod h1:oeNTC7PwJNoM5AznVr23wxhLnuJv0ZDe5v7w0wqIs9M=
github.com/aws/aws-sdk-go-v2/internal/endpoints/v2 v2.6.29 h1:6e8a71X+9GfghragVevC5bZqvATtc3mAMgxpSNbgzF0=
github.com/aws/aws-sdk-go-v2/internal/endpoints/v2 v2.6.29/go.mod h1:c4jkZiQ+BWpNqq7VtrxjwISrLrt/VvPq3XiopkUIolI=
github.com/aws/aws-sdk-go-v2/internal/ini v1.8.1 h1:VaRN3TlFdd6KxX1x3ILT5ynH6HvKgqdiXoTxAF4HQcQ=
github.com/aws/aws-sdk-go-v2/internal/ini v1.8.1/go.mod h1:FbtygfRFze9usAadmnGJNc8KsP346kEe+y2/oyhGAGc=
github.com/aws/aws-sdk-go-v2/internal/v4a v1.3.29 h1:g9OUETuxA8i/Www5Cby0R3WSTe7ppFTZXHVLNskNS4w=
github.com/aws/aws-sdk-go-v2/internal/v4a v1.3.29/go.mod h1:CQk+koLR1QeY1+vm7lqNfFii07DEderKq6T3F1L2pyc=
github.com/aws/aws-sdk-go-v2/service/internal/accept-encoding v1.12.2 h1:D4oz8/CzT9bAEYtVhSBmFj2dNOtaHOtMKc2vHBwYizA=
github.com/aws/aws-sdk-go-v2/service/internal/accept-encoding v1.12.2/go.mod h1:Za3IHqTQ+yNcRHxu1OFucBh0ACZT4j4VQFF0BqpZcLY=
github.com/aws/aws-sdk-go-v2/service/internal/checksum v1.5.3 h1:EP1ITDgYVPM2dL1bBBntJ7AW5yTjuWGz9XO+CZwpALU=
github.com/aws/aws-sdk-go-v2/service/internal/checksum v1.5.3/go.mod h1:5lWNWeAgWenJ/BZ/CP9k9DjLbC0pjnM045WjXRPPi14=
github.com/aws/aws-sdk-go-v2/service/internal/presigned-url v1.12.10 h1:hN4yJBGswmFTOVYqmbz1GBs9ZMtQe8SrYxPwrkrlRv8=
github.com/aws/aws-sdk-go-v2/service/internal/presigned-url v1.12.10/go.mod h1:TsxON4fEZXyrKY+D+3d2gSTyJkGORexIYab9PTf56DA=
github.com/aws/aws-sdk-go-v2/service/internal/s3shared v1.18.10 h1:fXoWC2gi7tdJYNTPnnlSGzEVwewUchOi8xVq/dkg8Qs=
github.com/aws/aws-sdk-go-v2/service/internal/s3shared v1.18.10/go.mod h1:cvzBApD5dVazHU8C2rbBQzzzsKc8m5+wNJ9mCRZLKPc=
github.com/aws/aws-sdk-go-v2/service/s3 v1.75.0 h1:UPQJDyqUXICUt60X4PwbiEf+2QQ4VfXUhDk8OEiGtik=
github.com/aws/aws-sdk-go-v2/service/s3 v1.75.0/go.mod h1:hHnELVnIHltd8EOF3YzahVX6F6y2C6dNqpRj1IMkS5I=
github.com/aws/aws-sdk-go-v2/service/sso v1.23.0 h1:fHySkG0IGj2nepgGJPmmhZYL9ndnsq1Tvc6MeuVQCaQ=
github.com/aws/aws-sdk-go-v2/service/sso v1.23.0/go.mod h1:XRlMvmad0ZNL+75C5FYdMvbbLkd6qiqz6foR1nA1PXY=
github.com/aws/aws-sdk-go-v2/service/ssooidc v1.27.0 h1:cU/OeQPNReyMj1JEBgjE29aclYZYtXcsPMXbTkVGMFk=
github.com/aws/aws-sdk-go-v2/service/ssooidc v1.27.0/go.mod h1:FnvDM4sfa+isJ3kDXIzAB9GAwVSzFzSy97uZ3IsHo4E=
github.com/aws/aws-sdk-go-v2/service/sts v1.31.0 h1:GNVxIHBTi2EgwCxpNiozhNasMOK+ROUA2Z3X+cSBX58=
github.com/aws/aws-sdk-go-v2/service/sts v1.31.0/go.mod h1:yMWe0F+XG0DkRZK5ODZhG7BEFYhLXi2dqGsv6tX0cgI=
github.com/aws/smithy-go v1.22.5 h1:P9ATCXPMb2mPjYBgueqJNCA5S9UfktsW0tTxi+a7eqw=
github.com/aws/smithy-go v1.22.5/go.mod h1:t1ufH5HMublsJYulve2RKmHDC15xu1f26kHCp/HgceI=
github.com/gorilla/mux v1.8.1 h1:TuBL49tXwgrFYWhqrNgrUNEY92u81SPhu7sTdzQEiWY=
github.com/gorilla/mux v1.8.1/go.mod h1:AKf9I4AEqPTmMytcMc0KkNouC66V3BtZ4qD5fmWSiMQ=
